// !$*UTF8*$!
{
	archiveVersion = 1;
	classes = {
	};
	objectVersion = 77;
	objects = {

/* Begin PBXBuildFile section */
		B426FD9B2DC8E10D00A4679A /* RestaurantDetails in Resources */ = {isa = PBXBuildFile; fileRef = B426FD9A2DC8E10D00A4679A /* RestaurantDetails */; };
		B4BCFF932DC8E15F006A4348 /* Checkout in Frameworks */ = {isa = PBXBuildFile; productRef = B4BCFF922DC8E15F006A4348 /* Checkout */; };
		B4BCFF952DC8E15F006A4348 /* RestaurantDetails in Frameworks */ = {isa = PBXBuildFile; productRef = B4BCFF942DC8E15F006A4348 /* RestaurantDetails */; };
		B4BCFF972DC8E15F006A4348 /* RestaurantFinder in Frameworks */ = {isa = PBXBuildFile; productRef = B4BCFF962DC8E15F006A4348 /* RestaurantFinder */; };
		B4DF80122DC8DF60008F5EE8 /* RestaurantFinder in Resources */ = {isa = PBXBuildFile; fileRef = B4DF800D2DC8DF60008F5EE8 /* RestaurantFinder */; };
		B4DF80132DC8DF60008F5EE8 /* Checkout in Resources */ = {isa = PBXBuildFile; fileRef = B4DF800C2DC8DF60008F5EE8 /* Checkout */; };
/* End PBXBuildFile section */

/* Begin PBXFileReference section */
		B426FD9A2DC8E10D00A4679A /* RestaurantDetails */ = {isa = PBXFileReference; lastKnownFileType = wrapper; path = RestaurantDetails; sourceTree = "<group>"; };
		B4DF7FE12DC8DBFD008F5EE8 /* RestaurantApp.app */ = {isa = PBXFileReference; explicitFileType = wrapper.application; includeInIndex = 0; path = RestaurantApp.app; sourceTree = BUILT_PRODUCTS_DIR; };
		B4DF800C2DC8DF60008F5EE8 /* Checkout */ = {isa = PBXFileReference; lastKnownFileType = wrapper; path = Checkout; sourceTree = "<group>"; };
		B4DF800D2DC8DF60008F5EE8 /* RestaurantFinder */ = {isa = PBXFileReference; lastKnownFileType = wrapper; path = RestaurantFinder; sourceTree = "<group>"; };
/* End PBXFileReference section */

/* Begin PBXFileSystemSynchronizedRootGroup section */
		B4DF7FE32DC8DBFD008F5EE8 /* RestaurantApp */ = {
			isa = PBXFileSystemSynchronizedRootGroup;
			path = RestaurantApp;
			sourceTree = "<group>";
		};
/* End PBXFileSystemSynchronizedRootGroup section */

/* Begin PBXFrameworksBuildPhase section */
		B4DF7FDE2DC8DBFD008F5EE8 /* Frameworks */ = {
			isa = PBXFrameworksBuildPhase;
			buildActionMask = 2147483647;
			files = (
				B4BCFF952DC8E15F006A4348 /* RestaurantDetails in Frameworks */,
				B4BCFF932DC8E15F006A4348 /* Checkout in Frameworks */,
				B4BCFF972DC8E15F006A4348 /* RestaurantFinder in Frameworks */,
			);
			runOnlyForDeploymentPostprocessing = 0;
		};
/* End PBXFrameworksBuildPhase section */

/* Begin PBXGroup section */
		B4BCFF912DC8E15E006A4348 /* Frameworks */ = {
			isa = PBXGroup;
			children = (
			);
			name = Frameworks;
			sourceTree = "<group>";
		};
		B4DF7FD82DC8DBFD008F5EE8 = {
			isa = PBXGroup;
			children = (
				B4DF800E2DC8DF60008F5EE8 /* packages */,
				B4DF7FE32DC8DBFD008F5EE8 /* RestaurantApp */,
				B4BCFF912DC8E15E006A4348 /* Frameworks */,
				B4DF7FE22DC8DBFD008F5EE8 /* Products */,
			);
			sourceTree = "<group>";
		};
		B4DF7FE22DC8DBFD008F5EE8 /* Products */ = {
			isa = PBXGroup;
			children = (
				B4DF7FE12DC8DBFD008F5EE8 /* RestaurantApp.app */,
			);
			name = Products;
			sourceTree = "<group>";
		};
		B4DF800E2DC8DF60008F5EE8 /* packages */ = {
			isa = PBXGroup;
			children = (
				B426FD9A2DC8E10D00A4679A /* RestaurantDetails */,
				B4DF800C2DC8DF60008F5EE8 /* Checkout */,
				B4DF800D2DC8DF60008F5EE8 /* RestaurantFinder */,
			);
			path = packages;
			sourceTree = "<group>";
		};
/* End PBXGroup section */

/* Begin PBXNativeTarget section */
		B4DF7FE02DC8DBFD008F5EE8 /* RestaurantApp */ = {
			isa = PBXNativeTarget;
			buildConfigurationList = B4DF7FEC2DC8DBFE008F5EE8 /* Build configuration list for PBXNativeTarget "RestaurantApp" */;
			buildPhases = (
				B4DF7FDD2DC8DBFD008F5EE8 /* Sources */,
				B4DF7FDE2DC8DBFD008F5EE8 /* Frameworks */,
				B4DF7FDF2DC8DBFD008F5EE8 /* Resources */,
			);
			buildRules = (
			);
			dependencies = (
			);
			fileSystemSynchronizedGroups = (
				B4DF7FE32DC8DBFD008F5EE8 /* RestaurantApp */,
			);
			name = RestaurantApp;
			packageProductDependencies = (
				B4BCFF922DC8E15F006A4348 /* Checkout */,
				B4BCFF942DC8E15F006A4348 /* RestaurantDetails */,
				B4BCFF962DC8E15F006A4348 /* RestaurantFinder */,
			);
			productName = RestaurantApp;
			productReference = B4DF7FE12DC8DBFD008F5EE8 /* RestaurantApp.app */;
			productType = "com.apple.product-type.application";
		};
/* End PBXNativeTarget section */

/* Begin PBXProject section */
		B4DF7FD92DC8DBFD008F5EE8 /* Project object */ = {
			isa = PBXProject;
			attributes = {
				BuildIndependentTargetsInParallel = 1;
				LastSwiftUpdateCheck = 1630;
				LastUpgradeCheck = 1630;
				TargetAttributes = {
					B4DF7FE02DC8DBFD008F5EE8 = {
						CreatedOnToolsVersion = 16.3;
					};
				};
			};
			buildConfigurationList = B4DF7FDC2DC8DBFD008F5EE8 /* Build configuration list for PBXProject "RestaurantApp" */;
			developmentRegion = en;
			hasScannedForEncodings = 0;
			knownRegions = (
				en,
				Base,
			);
			mainGroup = B4DF7FD82DC8DBFD008F5EE8;
			minimizedProjectReferenceProxies = 1;
			preferredProjectObjectVersion = 77;
			productRefGroup = B4DF7FE22DC8DBFD008F5EE8 /* Products */;
			projectDirPath = "";
			projectRoot = "";
			targets = (
				B4DF7FE02DC8DBFD008F5EE8 /* RestaurantApp */,
			);
		};
/* End PBXProject section */

/* Begin PBXResourcesBuildPhase section */
		B4DF7FDF2DC8DBFD008F5EE8 /* Resources */ = {
			isa = PBXResourcesBuildPhase;
			buildActionMask = 2147483647;
			files = (
				B426FD9B2DC8E10D00A4679A /* RestaurantDetails in Resources */,
				B4DF80122DC8DF60008F5EE8 /* RestaurantFinder in Resources */,
				B4DF80132DC8DF60008F5EE8 /* Checkout in Resources */,
			);
			runOnlyForDeploymentPostprocessing = 0;
		};
/* End PBXResourcesBuildPhase section */

/* Begin PBXSourcesBuildPhase section */
		B4DF7FDD2DC8DBFD008F5EE8 /* Sources */ = {
			isa = PBXSourcesBuildPhase;
			buildActionMask = 2147483647;
			files = (
			);
			runOnlyForDeploymentPostprocessing = 0;
		};
/* End PBXSourcesBuildPhase section */

/* Begin XCBuildConfiguration section */
		B4DF7FEA2DC8DBFE008F5EE8 /* Debug */ = {
			isa = XCBuildConfiguration;
			buildSettings = {
				ALWAYS_SEARCH_USER_PATHS = NO;
				ASSETCATALOG_COMPILER_GENERATE_SWIFT_ASSET_SYMBOL_EXTENSIONS = YES;
				CLANG_ANALYZER_NONNULL = YES;
				CLANG_ANALYZER_NUMBER_OBJECT_CONVERSION = YES_AGGRESSIVE;
				CLANG_CXX_LANGUAGE_STANDARD = "gnu++20";
				CLANG_ENABLE_MODULES = YES;
				CLANG_ENABLE_OBJC_ARC = YES;
				CLANG_ENABLE_OBJC_WEAK = YES;
				CLANG_WARN_BLOCK_CAPTURE_AUTORELEASING = YES;
				CLANG_WARN_BOOL_CONVERSION = YES;
				CLANG_WARN_COMMA = YES;
				CLANG_WARN_CONSTANT_CONVERSION = YES;
				CLANG_WARN_DEPRECATED_OBJC_IMPLEMENTATIONS = YES;
				CLANG_WARN_DIRECT_OBJC_ISA_USAGE = YES_ERROR;
				CLANG_WARN_DOCUMENTATION_COMMENTS = YES;
				CLANG_WARN_EMPTY_BODY = YES;
				CLANG_WARN_ENUM_CONVERSION = YES;
				CLANG_WARN_INFINITE_RECURSION = YES;
				CLANG_WARN_INT_CONVERSION = YES;
				CLANG_WARN_NON_LITERAL_NULL_CONVERSION = YES;
				CLANG_WARN_OBJC_IMPLICIT_RETAIN_SELF = YES;
				CLANG_WARN_OBJC_LITERAL_CONVERSION = YES;
				CLANG_WARN_OBJC_ROOT_CLASS = YES_ERROR;
				CLANG_WARN_QUOTED_INCLUDE_IN_FRAMEWORK_HEADER = YES;
				CLANG_WARN_RANGE_LOOP_ANALYSIS = YES;
				CLANG_WARN_STRICT_PROTOTYPES = YES;
				CLANG_WARN_SUSPICIOUS_MOVE = YES;
				CLANG_WARN_UNGUARDED_AVAILABILITY = YES_AGGRESSIVE;
				CLANG_WARN_UNREACHABLE_CODE = YES;
				CLANG_WARN__DUPLICATE_METHOD_MATCH = YES;
				COPY_PHASE_STRIP = NO;
				DEBUG_INFORMATION_FORMAT = dwarf;
				ENABLE_STRICT_OBJC_MSGSEND = YES;
				ENABLE_TESTABILITY = YES;
				ENABLE_USER_SCRIPT_SANDBOXING = YES;
				GCC_C_LANGUAGE_STANDARD = gnu17;
				GCC_DYNAMIC_NO_PIC = NO;
				GCC_NO_COMMON_BLOCKS = YES;
				GCC_OPTIMIZATION_LEVEL = 0;
				GCC_PREPROCESSOR_DEFINITIONS = (
					"DEBUG=1",
					"$(inherited)",
				);
				GCC_WARN_64_TO_32_BIT_CONVERSION = YES;
				GCC_WARN_ABOUT_RETURN_TYPE = YES_ERROR;
				GCC_WARN_UNDECLARED_SELECTOR = YES;
				GCC_WARN_UNINITIALIZED_AUTOS = YES_AGGRESSIVE;
				GCC_WARN_UNUSED_FUNCTION = YES;
				GCC_WARN_UNUSED_VARIABLE = YES;
				IPHONEOS_DEPLOYMENT_TARGET = 18.4;
				LOCALIZATION_PREFERS_STRING_CATALOGS = YES;
				MTL_ENABLE_DEBUG_INFO = INCLUDE_SOURCE;
				MTL_FAST_MATH = YES;
				ONLY_ACTIVE_ARCH = YES;
				SDKROOT = iphoneos;
				SWIFT_ACTIVE_COMPILATION_CONDITIONS = "DEBUG $(inherited)";
				SWIFT_OPTIMIZATION_LEVEL = "-Onone";
			};
			name = Debug;
		};
		B4DF7FEB2DC8DBFE008F5EE8 /* Release */ = {
			isa = XCBuildConfiguration;
			buildSettings = {
				ALWAYS_SEARCH_USER_PATHS = NO;
				ASSETCATALOG_COMPILER_GENERATE_SWIFT_ASSET_SYMBOL_EXTENSIONS = YES;
				CLANG_ANALYZER_NONNULL = YES;
				CLANG_ANALYZER_NUMBER_OBJECT_CONVERSION = YES_AGGRESSIVE;
				CLANG_CXX_LANGUAGE_STANDARD = "gnu++20";
				CLANG_ENABLE_MODULES = YES;
				CLANG_ENABLE_OBJC_ARC = YES;
				CLANG_ENABLE_OBJC_WEAK = YES;
				CLANG_WARN_BLOCK_CAPTURE_AUTORELEASING = YES;
				CLANG_WARN_BOOL_CONVERSION = YES;
				CLANG_WARN_COMMA = YES;
				CLANG_WARN_CONSTANT_CONVERSION = YES;
				CLANG_WARN_DEPRECATED_OBJC_IMPLEMENTATIONS = YES;
				CLANG_WARN_DIRECT_OBJC_ISA_USAGE = YES_ERROR;
				CLANG_WARN_DOCUMENTATION_COMMENTS = YES;
				CLANG_WARN_EMPTY_BODY = YES;
				CLANG_WARN_ENUM_CONVERSION = YES;
				CLANG_WARN_INFINITE_RECURSION = YES;
				CLANG_WARN_INT_CONVERSION = YES;
				CLANG_WARN_NON_LITERAL_NULL_CONVERSION = YES;
				CLANG_WARN_OBJC_IMPLICIT_RETAIN_SELF = YES;
				CLANG_WARN_OBJC_LITERAL_CONVERSION = YES;
				CLANG_WARN_OBJC_ROOT_CLASS = YES_ERROR;
				CLANG_WARN_QUOTED_INCLUDE_IN_FRAMEWORK_HEADER = YES;
				CLANG_WARN_RANGE_LOOP_ANALYSIS = YES;
				CLANG_WARN_STRICT_PROTOTYPES = YES;
				CLANG_WARN_SUSPICIOUS_MOVE = YES;
				CLANG_WARN_UNGUARDED_AVAILABILITY = YES_AGGRESSIVE;
				CLANG_WARN_UNREACHABLE_CODE = YES;
				CLANG_WARN__DUPLICATE_METHOD_MATCH = YES;
				COPY_PHASE_STRIP = NO;
				DEBUG_INFORMATION_FORMAT = "dwarf-with-dsym";
				ENABLE_NS_ASSERTIONS = NO;
				ENABLE_STRICT_OBJC_MSGSEND = YES;
				ENABLE_USER_SCRIPT_SANDBOXING = YES;
				GCC_C_LANGUAGE_STANDARD = gnu17;
				GCC_NO_COMMON_BLOCKS = YES;
				GCC_WARN_64_TO_32_BIT_CONVERSION = YES;
				GCC_WARN_ABOUT_RETURN_TYPE = YES_ERROR;
				GCC_WARN_UNDECLARED_SELECTOR = YES;
				GCC_WARN_UNINITIALIZED_AUTOS = YES_AGGRESSIVE;
				GCC_WARN_UNUSED_FUNCTION = YES;
				GCC_WARN_UNUSED_VARIABLE = YES;
				IPHONEOS_DEPLOYMENT_TARGET = 18.4;
				LOCALIZATION_PREFERS_STRING_CATALOGS = YES;
				MTL_ENABLE_DEBUG_INFO = NO;
				MTL_FAST_MATH = YES;
				SDKROOT = iphoneos;
				SWIFT_COMPILATION_MODE = wholemodule;
				VALIDATE_PRODUCT = YES;
			};
			name = Release;
		};
		B4DF7FED2DC8DBFE008F5EE8 /* Debug */ = {
			isa = XCBuildConfiguration;
			buildSettings = {
				ASSETCATALOG_COMPILER_APPICON_NAME = AppIcon;
				ASSETCATALOG_COMPILER_GLOBAL_ACCENT_COLOR_NAME = AccentColor;
				CODE_SIGN_STYLE = Automatic;
				CURRENT_PROJECT_VERSION = 1;
				ENABLE_PREVIEWS = YES;
				GENERATE_INFOPLIST_FILE = YES;
				INFOPLIST_KEY_UIApplicationSceneManifest_Generation = YES;
				INFOPLIST_KEY_UIApplicationSupportsIndirectInputEvents = YES;
				INFOPLIST_KEY_UILaunchScreen_Generation = YES;
				INFOPLIST_KEY_UISupportedInterfaceOrientations_iPad = "UIInterfaceOrientationPortrait UIInterfaceOrientationPortraitUpsideDown UIInterfaceOrientationLandscapeLeft UIInterfaceOrientationLandscapeRight";
				INFOPLIST_KEY_UISupportedInterfaceOrientations_iPhone = "UIInterfaceOrientationPortrait UIInterfaceOrientationLandscapeLeft UIInterfaceOrientationLandscapeRight";
				LD_RUNPATH_SEARCH_PATHS = (
					"$(inherited)",
					"@executable_path/Frameworks",
				);
				MARKETING_VERSION = 1.0;
				PRODUCT_BUNDLE_IDENTIFIER = com.karthick.RestaurantApp;
				PRODUCT_NAME = "$(TARGET_NAME)";
				SWIFT_EMIT_LOC_STRINGS = YES;
				SWIFT_VERSION = 5.0;
				TARGETED_DEVICE_FAMILY = "1,2";
			};
			name = Debug;
		};
		B4DF7FEE2DC8DBFE008F5EE8 /* Release */ = {
			isa = XCBuildConfiguration;
			buildSettings = {
				ASSETCATALOG_COMPILER_APPICON_NAME = AppIcon;
				ASSETCATALOG_COMPILER_GLOBAL_ACCENT_COLOR_NAME = AccentColor;
				CODE_SIGN_STYLE = Automatic;
				CURRENT_PROJECT_VERSION = 1;
				ENABLE_PREVIEWS = YES;
				GENERATE_INFOPLIST_FILE = YES;
				INFOPLIST_KEY_UIApplicationSceneManifest_Generation = YES;
				INFOPLIST_KEY_UIApplicationSupportsIndirectInputEvents = YES;
				INFOPLIST_KEY_UILaunchScreen_Generation = YES;
				INFOPLIST_KEY_UISupportedInterfaceOrientations_iPad = "UIInterfaceOrientationPortrait UIInterfaceOrientationPortraitUpsideDown UIInterfaceOrientationLandscapeLeft UIInterfaceOrientationLandscapeRight";
				INFOPLIST_KEY_UISupportedInterfaceOrientations_iPhone = "UIInterfaceOrientationPortrait UIInterfaceOrientationLandscapeLeft UIInterfaceOrientationLandscapeRight";
				LD_RUNPATH_SEARCH_PATHS = (
					"$(inherited)",
					"@executable_path/Frameworks",
				);
				MARKETING_VERSION = 1.0;
				PRODUCT_BUNDLE_IDENTIFIER = com.karthick.RestaurantApp;
				PRODUCT_NAME = "$(TARGET_NAME)";
				SWIFT_EMIT_LOC_STRINGS = YES;
				SWIFT_VERSION = 5.0;
				TARGETED_DEVICE_FAMILY = "1,2";
			};
			name = Release;
		};
/* End XCBuildConfiguration section */

/* Begin XCConfigurationList section */
		B4DF7FDC2DC8DBFD008F5EE8 /* Build configuration list for PBXProject "RestaurantApp" */ = {
			isa = XCConfigurationList;
			buildConfigurations = (
				B4DF7FEA2DC8DBFE008F5EE8 /* Debug */,
				B4DF7FEB2DC8DBFE008F5EE8 /* Release */,
			);
			defaultConfigurationIsVisible = 0;
			defaultConfigurationName = Release;
		};
		B4DF7FEC2DC8DBFE008F5EE8 /* Build configuration list for PBXNativeTarget "RestaurantApp" */ = {
			isa = XCConfigurationList;
			buildConfigurations = (
				B4DF7FED2DC8DBFE008F5EE8 /* Debug */,
				B4DF7FEE2DC8DBFE008F5EE8 /* Release */,
			);
			defaultConfigurationIsVisible = 0;
			defaultConfigurationName = Release;
		};
/* End XCConfigurationList section */

/* Begin XCSwiftPackageProductDependency section */
		B4BCFF922DC8E15F006A4348 /* Checkout */ = {
			isa = XCSwiftPackageProductDependency;
			productName = Checkout;
		};
		B4BCFF942DC8E15F006A4348 /* RestaurantDetails */ = {
			isa = XCSwiftPackageProductDependency;
			productName = RestaurantDetails;
		};
		B4BCFF962DC8E15F006A4348 /* RestaurantFinder */ = {
			isa = XCSwiftPackageProductDependency;
			productName = RestaurantFinder;
		};
/* End XCSwiftPackageProductDependency section */
	};
	rootObject = B4DF7FD92DC8DBFD008F5EE8 /* Project object */;
}
